
Microsoft Visual Studio Solution File, Format Version 12.00
# Visual Studio Version 16
VisualStudioVersion = 16.0.30804.86
MinimumVisualStudioVersion = 10.0.40219.1
Project("{9A19103F-16F7-4668-BE54-9A1E7A4F7556}") = "turkerkodlar", "turkerkodlar\turkerkodlar.csproj", "{78785B85-B42D-47D3-8599-44A86A4CA166}"
EndProject
Project("{FAE04EC0-301F-11D3-BF4B-00C04F79EFBC}") = "RefKullanimi", "RefKullanimi\RefKullanimi.csproj", "{F72B7AD5-C09A-4CAC-9E95-802CEC097F1D}"
EndProject
Project("{FAE04EC0-301F-11D3-BF4B-00C04F79EFBC}") = "OutKullanimi", "OutKullanimi\OutKullanimi.csproj", "{53A5DA63-DAE8-47A0-8362-458C82E6B6DF}"
EndProject
Global
	GlobalSection(SolutionConfigurationPlatforms) = preSolution
		Debug|Any CPU = Debug|Any CPU
		Release|Any CPU = Release|Any CPU
	EndGlobalSection
	GlobalSection(ProjectConfigurationPlatforms) = postSolution
		{78785B85-B42D-47D3-8599-44A86A4CA166}.Debug|Any CPU.ActiveCfg = Debug|Any CPU
		{78785B85-B42D-47D3-8599-44A86A4CA166}.Debug|Any CPU.Build.0 = Debug|Any CPU
		{78785B85-B42D-47D3-8599-44A86A4CA166}.Release|Any CPU.ActiveCfg = Release|Any CPU
		{78785B85-B42D-47D3-8599-44A86A4CA166}.Release|Any CPU.Build.0 = Release|Any CPU
		{F72B7AD5-C09A-4CAC-9E95-802CEC097F1D}.Debug|Any CPU.ActiveCfg = Debug|Any CPU
		{F72B7AD5-C09A-4CAC-9E95-802CEC097F1D}.Debug|Any CPU.Build.0 = Debug|Any CPU
		{F72B7AD5-C09A-4CAC-9E95-802CEC097F1D}.Release|Any CPU.ActiveCfg = Release|Any CPU
		{F72B7AD5-C09A-4CAC-9E95-802CEC097F1D}.Release|Any CPU.Build.0 = Release|Any CPU
		{53A5DA63-DAE8-47A0-8362-458C82E6B6DF}.Debug|Any CPU.ActiveCfg = Debug|Any CPU
		{53A5DA63-DAE8-47A0-8362-458C82E6B6DF}.Debug|Any CPU.Build.0 = Debug|Any CPU
		{53A5DA63-DAE8-47A0-8362-458C82E6B6DF}.Release|Any CPU.ActiveCfg = Release|Any CPU
		{53A5DA63-DAE8-47A0-8362-458C82E6B6DF}.Release|Any CPU.Build.0 = Release|Any CPU
	EndGlobalSection
	GlobalSection(SolutionProperties) = preSolution
		HideSolutionNode = FALSE
	EndGlobalSection
	GlobalSection(ExtensibilityGlobals) = postSolution
		SolutionGuid = {2C605F9C-8A56-4415-A4DE-4E390A89BE7C}
	EndGlobalSection
EndGlobal
